dependencies:
- name: flyte-core
  repository: https://flyteorg.github.io/flyte
  version: v1.14.1
- name: flyte-proxy
  repository: file://flyte-proxy
  version: v1.14.1
- name: kubernetes-dashboard
  repository: https://kubernetes.github.io/dashboard/
  version: 6.0.0
- name: minio
  repository: https://charts.bitnami.com/bitnami
  version: 12.6.7
- name: postgresql
  repository: https://charts.bitnami.com/bitnami
  version: 12.8.1
digest: sha256:7ba614cd0b402658973ba6197a4ee7ec510c29495e5460fe435e28038a0bd3de
generated: "2025-01-26T20:19:07.970673+01:00"
